
Microsoft Visual Studio Solution File, Format Version 12.00
# Visual Studio Version 16
VisualStudioVersion = 16.0.29728.190
MinimumVisualStudioVersion = 10.0.40219.1
Project("{9A19103F-16F7-4668-BE54-9A1E7A4F7556}") = "Cachet-Monitor", "Cachet-Monitor\Cachet-Monitor.csproj", "{95DC5C5F-1837-4577-BD25-CA8BE900060D}"
EndProject
Global
	GlobalSection(SolutionConfigurationPlatforms) = preSolution
		Debug|Any CPU = Debug|Any CPU
		Release|Any CPU = Release|Any CPU
	EndGlobalSection
	GlobalSection(ProjectConfigurationPlatforms) = postSolution
		{95DC5C5F-1837-4577-BD25-CA8BE900060D}.Debug|Any CPU.ActiveCfg = Debug|Any CPU
		{95DC5C5F-1837-4577-BD25-CA8BE900060D}.Debug|Any CPU.Build.0 = Debug|Any CPU
		{95DC5C5F-1837-4577-BD25-CA8BE900060D}.Release|Any CPU.ActiveCfg = Release|Any CPU
		{95DC5C5F-1837-4577-BD25-CA8BE900060D}.Release|Any CPU.Build.0 = Release|Any CPU
	EndGlobalSection
	GlobalSection(SolutionProperties) = preSolution
		HideSolutionNode = FALSE
	EndGlobalSection
	GlobalSection(ExtensibilityGlobals) = postSolution
		SolutionGuid = {564B86A6-C853-4278-B04A-BF3776B746B0}
	EndGlobalSection
EndGlobal
